
Microsoft Visual Studio Solution File, Format Version 12.00
# Visual Studio Version 17
VisualStudioVersion = 17.7.34221.43
MinimumVisualStudioVersion = 10.0.40219.1
Project("{9A19103F-16F7-4668-BE54-9A1E7A4F7556}") = "RhondaLibraryPOC.Domain", "RhondaLibraryPOC.Domain\RhondaLibraryPOC.Domain.csproj", "{C5971EDB-7947-4280-9CDC-FF2F2825854D}"
EndProject
Project("{9A19103F-16F7-4668-BE54-9A1E7A4F7556}") = "RhondaLibraryPOC.Application", "RhondaLibraryPOC.Application\RhondaLibraryPOC.Application.csproj", "{4F437ED2-F7B0-4667-8B8B-E2620E84DBF6}"
EndProject
Project("{9A19103F-16F7-4668-BE54-9A1E7A4F7556}") = "RhondaLibraryPOC.Infrastructure", "RhondaLibraryPOC.Infrastructure\RhondaLibraryPOC.Infrastructure.csproj", "{8495A05F-7285-4DEE-AA89-5BA30BAA8979}"
EndProject
Project("{FAE04EC0-301F-11D3-BF4B-00C04F79EFBC}") = "RhondaLibraryPOC.Presentation", "RhondaLibraryPOC.Presentation\RhondaLibraryPOC.Presentation.csproj", "{C04F392E-38A3-4922-A70F-40640AEF4A84}"
EndProject
Global
	GlobalSection(SolutionConfigurationPlatforms) = preSolution
		Debug|Any CPU = Debug|Any CPU
		Release|Any CPU = Release|Any CPU
	EndGlobalSection
	GlobalSection(ProjectConfigurationPlatforms) = postSolution
		{C5971EDB-7947-4280-9CDC-FF2F2825854D}.Debug|Any CPU.ActiveCfg = Debug|Any CPU
		{C5971EDB-7947-4280-9CDC-FF2F2825854D}.Debug|Any CPU.Build.0 = Debug|Any CPU
		{C5971EDB-7947-4280-9CDC-FF2F2825854D}.Release|Any CPU.ActiveCfg = Release|Any CPU
		{C5971EDB-7947-4280-9CDC-FF2F2825854D}.Release|Any CPU.Build.0 = Release|Any CPU
		{4F437ED2-F7B0-4667-8B8B-E2620E84DBF6}.Debug|Any CPU.ActiveCfg = Debug|Any CPU
		{4F437ED2-F7B0-4667-8B8B-E2620E84DBF6}.Debug|Any CPU.Build.0 = Debug|Any CPU
		{4F437ED2-F7B0-4667-8B8B-E2620E84DBF6}.Release|Any CPU.ActiveCfg = Release|Any CPU
		{4F437ED2-F7B0-4667-8B8B-E2620E84DBF6}.Release|Any CPU.Build.0 = Release|Any CPU
		{8495A05F-7285-4DEE-AA89-5BA30BAA8979}.Debug|Any CPU.ActiveCfg = Debug|Any CPU
		{8495A05F-7285-4DEE-AA89-5BA30BAA8979}.Debug|Any CPU.Build.0 = Debug|Any CPU
		{8495A05F-7285-4DEE-AA89-5BA30BAA8979}.Release|Any CPU.ActiveCfg = Release|Any CPU
		{8495A05F-7285-4DEE-AA89-5BA30BAA8979}.Release|Any CPU.Build.0 = Release|Any CPU
		{C04F392E-38A3-4922-A70F-40640AEF4A84}.Debug|Any CPU.ActiveCfg = Debug|Any CPU
		{C04F392E-38A3-4922-A70F-40640AEF4A84}.Debug|Any CPU.Build.0 = Debug|Any CPU
		{C04F392E-38A3-4922-A70F-40640AEF4A84}.Release|Any CPU.ActiveCfg = Release|Any CPU
		{C04F392E-38A3-4922-A70F-40640AEF4A84}.Release|Any CPU.Build.0 = Release|Any CPU
	EndGlobalSection
	GlobalSection(SolutionProperties) = preSolution
		HideSolutionNode = FALSE
	EndGlobalSection
	GlobalSection(ExtensibilityGlobals) = postSolution
		SolutionGuid = {88C41DF7-B861-413A-92FE-4833163730B5}
	EndGlobalSection
EndGlobal
